
Microsoft Visual Studio Solution File, Format Version 12.00
# Visual Studio Version 16
VisualStudioVersion = 16.0.29123.88
MinimumVisualStudioVersion = 10.0.40219.1
Project("{FAE04EC0-301F-11D3-BF4B-00C04F79EFBC}") = "FIT5032_Week03", "FIT5032_Week03\FIT5032_Week03.csproj", "{2504FED6-6293-498A-9E52-BDB5C637B262}"
EndProject
Project("{FAE04EC0-301F-11D3-BF4B-00C04F79EFBC}") = "FIT5032_Week03.Tests", "FIT5032_Week03.Tests\FIT5032_Week03.Tests.csproj", "{DD67BA5E-4ECE-4FEA-BED1-985A054C381B}"
EndProject
Global
	GlobalSection(SolutionConfigurationPlatforms) = preSolution
		Debug|Any CPU = Debug|Any CPU
		Release|Any CPU = Release|Any CPU
	EndGlobalSection
	GlobalSection(ProjectConfigurationPlatforms) = postSolution
		{2504FED6-6293-498A-9E52-BDB5C637B262}.Debug|Any CPU.ActiveCfg = Debug|Any CPU
		{2504FED6-6293-498A-9E52-BDB5C637B262}.Debug|Any CPU.Build.0 = Debug|Any CPU
		{2504FED6-6293-498A-9E52-BDB5C637B262}.Release|Any CPU.ActiveCfg = Release|Any CPU
		{2504FED6-6293-498A-9E52-BDB5C637B262}.Release|Any CPU.Build.0 = Release|Any CPU
		{DD67BA5E-4ECE-4FEA-BED1-985A054C381B}.Debug|Any CPU.ActiveCfg = Debug|Any CPU
		{DD67BA5E-4ECE-4FEA-BED1-985A054C381B}.Debug|Any CPU.Build.0 = Debug|Any CPU
		{DD67BA5E-4ECE-4FEA-BED1-985A054C381B}.Release|Any CPU.ActiveCfg = Release|Any CPU
		{DD67BA5E-4ECE-4FEA-BED1-985A054C381B}.Release|Any CPU.Build.0 = Release|Any CPU
	EndGlobalSection
	GlobalSection(SolutionProperties) = preSolution
		HideSolutionNode = FALSE
	EndGlobalSection
	GlobalSection(ExtensibilityGlobals) = postSolution
		SolutionGuid = {5DD51B77-E26A-4A0D-8A0A-95BAF15DC0AE}
	EndGlobalSection
EndGlobal
